// !$*UTF8*$!
{
	archiveVersion = 1;
	classes = {
	};
	objectVersion = 55;
	objects = {

/* Begin PBXBuildFile section */
		B3FA5EBF2941E1AF006CA051 /* Advanced_SwiftUIApp.swift in Sources */ = {isa = PBXBuildFile; fileRef = B3FA5EBE2941E1AF006CA051 /* Advanced_SwiftUIApp.swift */; };
		B3FA5EC12941E1AF006CA051 /* SignupView.swift in Sources */ = {isa = PBXBuildFile; fileRef = B3FA5EC02941E1AF006CA051 /* SignupView.swift */; };
		B3FA5EC32941E1B1006CA051 /* Assets.xcassets in Resources */ = {isa = PBXBuildFile; fileRef = B3FA5EC22941E1B1006CA051 /* Assets.xcassets */; };
		B3FA5EC62941E1B1006CA051 /* Preview Assets.xcassets in Resources */ = {isa = PBXBuildFile; fileRef = B3FA5EC52941E1B1006CA051 /* Preview Assets.xcassets */; };
		B3FA5EC82941E1B1006CA051 /* Persistence.swift in Sources */ = {isa = PBXBuildFile; fileRef = B3FA5EC72941E1B1006CA051 /* Persistence.swift */; };
		B3FA5ECB2941E1B1006CA051 /* Advanced_SwiftUI.xcdatamodeld in Sources */ = {isa = PBXBuildFile; fileRef = B3FA5EC92941E1B1006CA051 /* Advanced_SwiftUI.xcdatamodeld */; };
		B3FA5ED42941E287006CA051 /* VisualEffectBlur.swift in Sources */ = {isa = PBXBuildFile; fileRef = B3FA5ED22941E287006CA051 /* VisualEffectBlur.swift */; };
		B3FA5ED52941E287006CA051 /* ImagePicker.swift in Sources */ = {isa = PBXBuildFile; fileRef = B3FA5ED32941E287006CA051 /* ImagePicker.swift */; };
		B3FA5ED829433AD2006CA051 /* GradientText.swift in Sources */ = {isa = PBXBuildFile; fileRef = B3FA5ED729433AD2006CA051 /* GradientText.swift */; };
		B3FA5EDA29433BDC006CA051 /* GradientButton.swift in Sources */ = {isa = PBXBuildFile; fileRef = B3FA5ED929433BDC006CA051 /* GradientButton.swift */; };
		B3FA5EDC29433C84006CA051 /* TextfieldIcon.swift in Sources */ = {isa = PBXBuildFile; fileRef = B3FA5EDB29433C84006CA051 /* TextfieldIcon.swift */; };
		B3FA5EDF29486ACA006CA051 /* FirebaseAuth in Frameworks */ = {isa = PBXBuildFile; productRef = B3FA5EDE29486ACA006CA051 /* FirebaseAuth */; };
		B3FA5EE129486BD5006CA051 /* GoogleService-Info.plist in Resources */ = {isa = PBXBuildFile; fileRef = B3FA5EE029486BD5006CA051 /* GoogleService-Info.plist */; };
		B3FA5EE52948E89B006CA051 /* ProfileView.swift in Sources */ = {isa = PBXBuildFile; fileRef = B3FA5EE42948E89B006CA051 /* ProfileView.swift */; };
		B3FA5EE9294C53B0006CA051 /* SigninWithAppleButton.swift in Sources */ = {isa = PBXBuildFile; fileRef = B3FA5EE8294C53B0006CA051 /* SigninWithAppleButton.swift */; };
/* End PBXBuildFile section */

/* Begin PBXFileReference section */
		B32891F129646969003D9F85 /* README.md */ = {isa = PBXFileReference; lastKnownFileType = net.daringfireball.markdown; path = README.md; sourceTree = "<group>"; };
		B32891F229646D01003D9F85 /* Signin.png */ = {isa = PBXFileReference; lastKnownFileType = image.png; path = Signin.png; sourceTree = "<group>"; };
		B3FA5EBB2941E1AF006CA051 /* Advanced SwiftUI.app */ = {isa = PBXFileReference; explicitFileType = wrapper.application; includeInIndex = 0; path = "Advanced SwiftUI.app"; sourceTree = BUILT_PRODUCTS_DIR; };
		B3FA5EBE2941E1AF006CA051 /* Advanced_SwiftUIApp.swift */ = {isa = PBXFileReference; lastKnownFileType = sourcecode.swift; path = Advanced_SwiftUIApp.swift; sourceTree = "<group>"; };
		B3FA5EC02941E1AF006CA051 /* SignupView.swift */ = {isa = PBXFileReference; lastKnownFileType = sourcecode.swift; path = SignupView.swift; sourceTree = "<group>"; };
		B3FA5EC22941E1B1006CA051 /* Assets.xcassets */ = {isa = PBXFileReference; lastKnownFileType = folder.assetcatalog; path = Assets.xcassets; sourceTree = "<group>"; };
		B3FA5EC52941E1B1006CA051 /* Preview Assets.xcassets */ = {isa = PBXFileReference; lastKnownFileType = folder.assetcatalog; path = "Preview Assets.xcassets"; sourceTree = "<group>"; };
		B3FA5EC72941E1B1006CA051 /* Persistence.swift */ = {isa = PBXFileReference; lastKnownFileType = sourcecode.swift; path = Persistence.swift; sourceTree = "<group>"; };
		B3FA5ECA2941E1B1006CA051 /* Advanced_SwiftUI.xcdatamodel */ = {isa = PBXFileReference; lastKnownFileType = wrapper.xcdatamodel; path = Advanced_SwiftUI.xcdatamodel; sourceTree = "<group>"; };
		B3FA5ED22941E287006CA051 /* VisualEffectBlur.swift */ = {isa = PBXFileReference; fileEncoding = 4; lastKnownFileType = sourcecode.swift; path = VisualEffectBlur.swift; sourceTree = "<group>"; };
		B3FA5ED32941E287006CA051 /* ImagePicker.swift */ = {isa = PBXFileReference; fileEncoding = 4; lastKnownFileType = sourcecode.swift; path = ImagePicker.swift; sourceTree = "<group>"; };
		B3FA5ED729433AD2006CA051 /* GradientText.swift */ = {isa = PBXFileReference; lastKnownFileType = sourcecode.swift; path = GradientText.swift; sourceTree = "<group>"; };
		B3FA5ED929433BDC006CA051 /* GradientButton.swift */ = {isa = PBXFileReference; lastKnownFileType = sourcecode.swift; path = GradientButton.swift; sourceTree = "<group>"; };
		B3FA5EDB29433C84006CA051 /* TextfieldIcon.swift */ = {isa = PBXFileReference; lastKnownFileType = sourcecode.swift; path = TextfieldIcon.swift; sourceTree = "<group>"; };
		B3FA5EE029486BD5006CA051 /* GoogleService-Info.plist */ = {isa = PBXFileReference; lastKnownFileType = text.plist; path = "GoogleService-Info.plist"; sourceTree = SOURCE_ROOT; };
		B3FA5EE42948E89B006CA051 /* ProfileView.swift */ = {isa = PBXFileReference; lastKnownFileType = sourcecode.swift; path = ProfileView.swift; sourceTree = "<group>"; };
		B3FA5EE8294C53B0006CA051 /* SigninWithAppleButton.swift */ = {isa = PBXFileReference; lastKnownFileType = sourcecode.swift; path = SigninWithAppleButton.swift; sourceTree = "<group>"; };
/* End PBXFileReference section */

/* Begin PBXFrameworksBuildPhase section */
		B3FA5EB82941E1AF006CA051 /* Frameworks */ = {
			isa = PBXFrameworksBuildPhase;
			buildActionMask = 2147483647;
			files = (
				B3FA5EDF29486ACA006CA051 /* FirebaseAuth in Frameworks */,
			);
			runOnlyForDeploymentPostprocessing = 0;
		};
/* End PBXFrameworksBuildPhase section */

/* Begin PBXGroup section */
		B3FA5EB22941E1AF006CA051 = {
			isa = PBXGroup;
			children = (
				B32891F129646969003D9F85 /* README.md */,
				B32891F229646D01003D9F85 /* Signin.png */,
				B3FA5EBD2941E1AF006CA051 /* Advanced SwiftUI */,
				B3FA5EBC2941E1AF006CA051 /* Products */,
			);
			sourceTree = "<group>";
		};
		B3FA5EBC2941E1AF006CA051 /* Products */ = {
			isa = PBXGroup;
			children = (
				B3FA5EBB2941E1AF006CA051 /* Advanced SwiftUI.app */,
			);
			name = Products;
			sourceTree = "<group>";
		};
		B3FA5EBD2941E1AF006CA051 /* Advanced SwiftUI */ = {
			isa = PBXGroup;
			children = (
				B3FA5ED12941E287006CA051 /* Helpers */,
				B3FA5EBE2941E1AF006CA051 /* Advanced_SwiftUIApp.swift */,
				B3FA5EE8294C53B0006CA051 /* SigninWithAppleButton.swift */,
				B3FA5EC02941E1AF006CA051 /* SignupView.swift */,
				B3FA5EE42948E89B006CA051 /* ProfileView.swift */,
				B3FA5ED629433AAC006CA051 /* Views */,
				B3FA5EC22941E1B1006CA051 /* Assets.xcassets */,
				B3FA5EC72941E1B1006CA051 /* Persistence.swift */,
				B3FA5EE029486BD5006CA051 /* GoogleService-Info.plist */,
				B3FA5EC92941E1B1006CA051 /* Advanced_SwiftUI.xcdatamodeld */,
				B3FA5EC42941E1B1006CA051 /* Preview Content */,
			);
			path = "Advanced SwiftUI";
			sourceTree = "<group>";
		};
		B3FA5EC42941E1B1006CA051 /* Preview Content */ = {
			isa = PBXGroup;
			children = (
				B3FA5EC52941E1B1006CA051 /* Preview Assets.xcassets */,
			);
			path = "Preview Content";
			sourceTree = "<group>";
		};
		B3FA5ED12941E287006CA051 /* Helpers */ = {
			isa = PBXGroup;
			children = (
				B3FA5ED22941E287006CA051 /* VisualEffectBlur.swift */,
				B3FA5ED32941E287006CA051 /* ImagePicker.swift */,
			);
			path = Helpers;
			sourceTree = "<group>";
		};
		B3FA5ED629433AAC006CA051 /* Views */ = {
			isa = PBXGroup;
			children = (
				B3FA5ED729433AD2006CA051 /* GradientText.swift */,
				B3FA5ED929433BDC006CA051 /* GradientButton.swift */,
				B3FA5EDB29433C84006CA051 /* TextfieldIcon.swift */,
			);
			path = Views;
			sourceTree = "<group>";
		};
/* End PBXGroup section */

/* Begin PBXNativeTarget section */
		B3FA5EBA2941E1AF006CA051 /* Advanced SwiftUI */ = {
			isa = PBXNativeTarget;
			buildConfigurationList = B3FA5ECE2941E1B1006CA051 /* Build configuration list for PBXNativeTarget "Advanced SwiftUI" */;
			buildPhases = (
				B3FA5EB72941E1AF006CA051 /* Sources */,
				B3FA5EB82941E1AF006CA051 /* Frameworks */,
				B3FA5EB92941E1AF006CA051 /* Resources */,
			);
			buildRules = (
			);
			dependencies = (
			);
			name = "Advanced SwiftUI";
			packageProductDependencies = (
				B3FA5EDE29486ACA006CA051 /* FirebaseAuth */,
			);
			productName = "Advanced SwiftUI";
			productReference = B3FA5EBB2941E1AF006CA051 /* Advanced SwiftUI.app */;
			productType = "com.apple.product-type.application";
		};
/* End PBXNativeTarget section */

/* Begin PBXProject section */
		B3FA5EB32941E1AF006CA051 /* Project object */ = {
			isa = PBXProject;
			attributes = {
				BuildIndependentTargetsInParallel = 1;
				LastSwiftUpdateCheck = 1340;
				LastUpgradeCheck = 1340;
				TargetAttributes = {
					B3FA5EBA2941E1AF006CA051 = {
						CreatedOnToolsVersion = 13.4.1;
					};
				};
			};
			buildConfigurationList = B3FA5EB62941E1AF006CA051 /* Build configuration list for PBXProject "Advanced SwiftUI" */;
			compatibilityVersion = "Xcode 13.0";
			developmentRegion = en;
			hasScannedForEncodings = 0;
			knownRegions = (
				en,
				Base,
			);
			mainGroup = B3FA5EB22941E1AF006CA051;
			packageReferences = (
				B3FA5EDD29486ACA006CA051 /* XCRemoteSwiftPackageReference "firebase-ios-sdk" */,
			);
			productRefGroup = B3FA5EBC2941E1AF006CA051 /* Products */;
			projectDirPath = "";
			projectRoot = "";
			targets = (
				B3FA5EBA2941E1AF006CA051 /* Advanced SwiftUI */,
			);
		};
/* End PBXProject section */

/* Begin PBXResourcesBuildPhase section */
		B3FA5EB92941E1AF006CA051 /* Resources */ = {
			isa = PBXResourcesBuildPhase;
			buildActionMask = 2147483647;
			files = (
				B3FA5EC62941E1B1006CA051 /* Preview Assets.xcassets in Resources */,
				B3FA5EC32941E1B1006CA051 /* Assets.xcassets in Resources */,
				B3FA5EE129486BD5006CA051 /* GoogleService-Info.plist in Resources */,
			);
			runOnlyForDeploymentPostprocessing = 0;
		};
/* End PBXResourcesBuildPhase section */

/* Begin PBXSourcesBuildPhase section */
		B3FA5EB72941E1AF006CA051 /* Sources */ = {
			isa = PBXSourcesBuildPhase;
			buildActionMask = 2147483647;
			files = (
				B3FA5ED42941E287006CA051 /* VisualEffectBlur.swift in Sources */,
				B3FA5EDA29433BDC006CA051 /* GradientButton.swift in Sources */,
				B3FA5EE52948E89B006CA051 /* ProfileView.swift in Sources */,
				B3FA5EE9294C53B0006CA051 /* SigninWithAppleButton.swift in Sources */,
				B3FA5ED829433AD2006CA051 /* GradientText.swift in Sources */,
				B3FA5EDC29433C84006CA051 /* TextfieldIcon.swift in Sources */,
				B3FA5EC82941E1B1006CA051 /* Persistence.swift in Sources */,
				B3FA5ECB2941E1B1006CA051 /* Advanced_SwiftUI.xcdatamodeld in Sources */,
				B3FA5ED52941E287006CA051 /* ImagePicker.swift in Sources */,
				B3FA5EC12941E1AF006CA051 /* SignupView.swift in Sources */,
				B3FA5EBF2941E1AF006CA051 /* Advanced_SwiftUIApp.swift in Sources */,
			);
			runOnlyForDeploymentPostprocessing = 0;
		};
/* End PBXSourcesBuildPhase section */

/* Begin XCBuildConfiguration section */
		B3FA5ECC2941E1B1006CA051 /* Debug */ = {
			isa = XCBuildConfiguration;
			buildSettings = {
				ALWAYS_SEARCH_USER_PATHS = NO;
				CLANG_ANALYZER_NONNULL = YES;
				CLANG_ANALYZER_NUMBER_OBJECT_CONVERSION = YES_AGGRESSIVE;
				CLANG_CXX_LANGUAGE_STANDARD = "gnu++17";
				CLANG_ENABLE_MODULES = YES;
				CLANG_ENABLE_OBJC_ARC = YES;
				CLANG_ENABLE_OBJC_WEAK = YES;
				CLANG_WARN_BLOCK_CAPTURE_AUTORELEASING = YES;
				CLANG_WARN_BOOL_CONVERSION = YES;
				CLANG_WARN_COMMA = YES;
				CLANG_WARN_CONSTANT_CONVERSION = YES;
				CLANG_WARN_DEPRECATED_OBJC_IMPLEMENTATIONS = YES;
				CLANG_WARN_DIRECT_OBJC_ISA_USAGE = YES_ERROR;
				CLANG_WARN_DOCUMENTATION_COMMENTS = YES;
				CLANG_WARN_EMPTY_BODY = YES;
				CLANG_WARN_ENUM_CONVERSION = YES;
				CLANG_WARN_INFINITE_RECURSION = YES;
				CLANG_WARN_INT_CONVERSION = YES;
				CLANG_WARN_NON_LITERAL_NULL_CONVERSION = YES;
				CLANG_WARN_OBJC_IMPLICIT_RETAIN_SELF = YES;
				CLANG_WARN_OBJC_LITERAL_CONVERSION = YES;
				CLANG_WARN_OBJC_ROOT_CLASS = YES_ERROR;
				CLANG_WARN_QUOTED_INCLUDE_IN_FRAMEWORK_HEADER = YES;
				CLANG_WARN_RANGE_LOOP_ANALYSIS = YES;
				CLANG_WARN_STRICT_PROTOTYPES = YES;
				CLANG_WARN_SUSPICIOUS_MOVE = YES;
				CLANG_WARN_UNGUARDED_AVAILABILITY = YES_AGGRESSIVE;
				CLANG_WARN_UNREACHABLE_CODE = YES;
				CLANG_WARN__DUPLICATE_METHOD_MATCH = YES;
				COPY_PHASE_STRIP = NO;
				DEBUG_INFORMATION_FORMAT = dwarf;
				ENABLE_STRICT_OBJC_MSGSEND = YES;
				ENABLE_TESTABILITY = YES;
				GCC_C_LANGUAGE_STANDARD = gnu11;
				GCC_DYNAMIC_NO_PIC = NO;
				GCC_NO_COMMON_BLOCKS = YES;
				GCC_OPTIMIZATION_LEVEL = 0;
				GCC_PREPROCESSOR_DEFINITIONS = (
					"DEBUG=1",
					"$(inherited)",
				);
				GCC_WARN_64_TO_32_BIT_CONVERSION = YES;
				GCC_WARN_ABOUT_RETURN_TYPE = YES_ERROR;
				GCC_WARN_UNDECLARED_SELECTOR = YES;
				GCC_WARN_UNINITIALIZED_AUTOS = YES_AGGRESSIVE;
				GCC_WARN_UNUSED_FUNCTION = YES;
				GCC_WARN_UNUSED_VARIABLE = YES;
				IPHONEOS_DEPLOYMENT_TARGET = 15.5;
				MTL_ENABLE_DEBUG_INFO = INCLUDE_SOURCE;
				MTL_FAST_MATH = YES;
				ONLY_ACTIVE_ARCH = YES;
				SDKROOT = iphoneos;
				SWIFT_ACTIVE_COMPILATION_CONDITIONS = DEBUG;
				SWIFT_OPTIMIZATION_LEVEL = "-Onone";
			};
			name = Debug;
		};
		B3FA5ECD2941E1B1006CA051 /* Release */ = {
			isa = XCBuildConfiguration;
			buildSettings = {
				ALWAYS_SEARCH_USER_PATHS = NO;
				CLANG_ANALYZER_NONNULL = YES;
				CLANG_ANALYZER_NUMBER_OBJECT_CONVERSION = YES_AGGRESSIVE;
				CLANG_CXX_LANGUAGE_STANDARD = "gnu++17";
				CLANG_ENABLE_MODULES = YES;
				CLANG_ENABLE_OBJC_ARC = YES;
				CLANG_ENABLE_OBJC_WEAK = YES;
				CLANG_WARN_BLOCK_CAPTURE_AUTORELEASING = YES;
				CLANG_WARN_BOOL_CONVERSION = YES;
				CLANG_WARN_COMMA = YES;
				CLANG_WARN_CONSTANT_CONVERSION = YES;
				CLANG_WARN_DEPRECATED_OBJC_IMPLEMENTATIONS = YES;
				CLANG_WARN_DIRECT_OBJC_ISA_USAGE = YES_ERROR;
				CLANG_WARN_DOCUMENTATION_COMMENTS = YES;
				CLANG_WARN_EMPTY_BODY = YES;
				CLANG_WARN_ENUM_CONVERSION = YES;
				CLANG_WARN_INFINITE_RECURSION = YES;
				CLANG_WARN_INT_CONVERSION = YES;
				CLANG_WARN_NON_LITERAL_NULL_CONVERSION = YES;
				CLANG_WARN_OBJC_IMPLICIT_RETAIN_SELF = YES;
				CLANG_WARN_OBJC_LITERAL_CONVERSION = YES;
				CLANG_WARN_OBJC_ROOT_CLASS = YES_ERROR;
				CLANG_WARN_QUOTED_INCLUDE_IN_FRAMEWORK_HEADER = YES;
				CLANG_WARN_RANGE_LOOP_ANALYSIS = YES;
				CLANG_WARN_STRICT_PROTOTYPES = YES;
				CLANG_WARN_SUSPICIOUS_MOVE = YES;
				CLANG_WARN_UNGUARDED_AVAILABILITY = YES_AGGRESSIVE;
				CLANG_WARN_UNREACHABLE_CODE = YES;
				CLANG_WARN__DUPLICATE_METHOD_MATCH = YES;
				COPY_PHASE_STRIP = NO;
				DEBUG_INFORMATION_FORMAT = "dwarf-with-dsym";
				ENABLE_NS_ASSERTIONS = NO;
				ENABLE_STRICT_OBJC_MSGSEND = YES;
				GCC_C_LANGUAGE_STANDARD = gnu11;
				GCC_NO_COMMON_BLOCKS = YES;
				GCC_WARN_64_TO_32_BIT_CONVERSION = YES;
				GCC_WARN_ABOUT_RETURN_TYPE = YES_ERROR;
				GCC_WARN_UNDECLARED_SELECTOR = YES;
				GCC_WARN_UNINITIALIZED_AUTOS = YES_AGGRESSIVE;
				GCC_WARN_UNUSED_FUNCTION = YES;
				GCC_WARN_UNUSED_VARIABLE = YES;
				IPHONEOS_DEPLOYMENT_TARGET = 15.5;
				MTL_ENABLE_DEBUG_INFO = NO;
				MTL_FAST_MATH = YES;
				SDKROOT = iphoneos;
				SWIFT_COMPILATION_MODE = wholemodule;
				SWIFT_OPTIMIZATION_LEVEL = "-O";
				VALIDATE_PRODUCT = YES;
			};
			name = Release;
		};
		B3FA5ECF2941E1B1006CA051 /* Debug */ = {
			isa = XCBuildConfiguration;
			buildSettings = {
				ASSETCATALOG_COMPILER_APPICON_NAME = AppIcon;
				ASSETCATALOG_COMPILER_GLOBAL_ACCENT_COLOR_NAME = AccentColor;
				CODE_SIGN_STYLE = Automatic;
				CURRENT_PROJECT_VERSION = 1;
				DEVELOPMENT_ASSET_PATHS = "\"Advanced SwiftUI/Preview Content\"";
				DEVELOPMENT_TEAM = UKMR5469AZ;
				ENABLE_PREVIEWS = YES;
				GENERATE_INFOPLIST_FILE = YES;
				INFOPLIST_KEY_UIApplicationSceneManifest_Generation = YES;
				INFOPLIST_KEY_UIApplicationSupportsIndirectInputEvents = YES;
				INFOPLIST_KEY_UILaunchScreen_Generation = YES;
				INFOPLIST_KEY_UISupportedInterfaceOrientations_iPad = "UIInterfaceOrientationPortrait UIInterfaceOrientationPortraitUpsideDown UIInterfaceOrientationLandscapeLeft UIInterfaceOrientationLandscapeRight";
				INFOPLIST_KEY_UISupportedInterfaceOrientations_iPhone = "UIInterfaceOrientationPortrait UIInterfaceOrientationLandscapeLeft UIInterfaceOrientationLandscapeRight";
				LD_RUNPATH_SEARCH_PATHS = (
					"$(inherited)",
					"@executable_path/Frameworks",
				);
				MARKETING_VERSION = 1.0;
				PRODUCT_BUNDLE_IDENTIFIER = "com.williamsouef.Advanced-SwiftUI";
				PRODUCT_NAME = "$(TARGET_NAME)";
				SWIFT_EMIT_LOC_STRINGS = YES;
				SWIFT_VERSION = 5.0;
				TARGETED_DEVICE_FAMILY = "1,2";
			};
			name = Debug;
		};
		B3FA5ED02941E1B1006CA051 /* Release */ = {
			isa = XCBuildConfiguration;
			buildSettings = {
				ASSETCATALOG_COMPILER_APPICON_NAME = AppIcon;
				ASSETCATALOG_COMPILER_GLOBAL_ACCENT_COLOR_NAME = AccentColor;
				CODE_SIGN_STYLE = Automatic;
				CURRENT_PROJECT_VERSION = 1;
				DEVELOPMENT_ASSET_PATHS = "\"Advanced SwiftUI/Preview Content\"";
				DEVELOPMENT_TEAM = UKMR5469AZ;
				ENABLE_PREVIEWS = YES;
				GENERATE_INFOPLIST_FILE = YES;
				INFOPLIST_KEY_UIApplicationSceneManifest_Generation = YES;
				INFOPLIST_KEY_UIApplicationSupportsIndirectInputEvents = YES;
				INFOPLIST_KEY_UILaunchScreen_Generation = YES;
				INFOPLIST_KEY_UISupportedInterfaceOrientations_iPad = "UIInterfaceOrientationPortrait UIInterfaceOrientationPortraitUpsideDown UIInterfaceOrientationLandscapeLeft UIInterfaceOrientationLandscapeRight";
				INFOPLIST_KEY_UISupportedInterfaceOrientations_iPhone = "UIInterfaceOrientationPortrait UIInterfaceOrientationLandscapeLeft UIInterfaceOrientationLandscapeRight";
				LD_RUNPATH_SEARCH_PATHS = (
					"$(inherited)",
					"@executable_path/Frameworks",
				);
				MARKETING_VERSION = 1.0;
				PRODUCT_BUNDLE_IDENTIFIER = "com.williamsouef.Advanced-SwiftUI";
				PRODUCT_NAME = "$(TARGET_NAME)";
				SWIFT_EMIT_LOC_STRINGS = YES;
				SWIFT_VERSION = 5.0;
				TARGETED_DEVICE_FAMILY = "1,2";
			};
			name = Release;
		};
/* End XCBuildConfiguration section */

/* Begin XCConfigurationList section */
		B3FA5EB62941E1AF006CA051 /* Build configuration list for PBXProject "Advanced SwiftUI" */ = {
			isa = XCConfigurationList;
			buildConfigurations = (
				B3FA5ECC2941E1B1006CA051 /* Debug */,
				B3FA5ECD2941E1B1006CA051 /* Release */,
			);
			defaultConfigurationIsVisible = 0;
			defaultConfigurationName = Release;
		};
		B3FA5ECE2941E1B1006CA051 /* Build configuration list for PBXNativeTarget "Advanced SwiftUI" */ = {
			isa = XCConfigurationList;
			buildConfigurations = (
				B3FA5ECF2941E1B1006CA051 /* Debug */,
				B3FA5ED02941E1B1006CA051 /* Release */,
			);
			defaultConfigurationIsVisible = 0;
			defaultConfigurationName = Release;
		};
/* End XCConfigurationList section */

/* Begin XCRemoteSwiftPackageReference section */
		B3FA5EDD29486ACA006CA051 /* XCRemoteSwiftPackageReference "firebase-ios-sdk" */ = {
			isa = XCRemoteSwiftPackageReference;
			repositoryURL = "https://github.com/firebase/firebase-ios-sdk";
			requirement = {
				kind = upToNextMajorVersion;
				minimumVersion = 9.0.0;
			};
		};
/* End XCRemoteSwiftPackageReference section */

/* Begin XCSwiftPackageProductDependency section */
		B3FA5EDE29486ACA006CA051 /* FirebaseAuth */ = {
			isa = XCSwiftPackageProductDependency;
			package = B3FA5EDD29486ACA006CA051 /* XCRemoteSwiftPackageReference "firebase-ios-sdk" */;
			productName = FirebaseAuth;
		};
/* End XCSwiftPackageProductDependency section */

/* Begin XCVersionGroup section */
		B3FA5EC92941E1B1006CA051 /* Advanced_SwiftUI.xcdatamodeld */ = {
			isa = XCVersionGroup;
			children = (
				B3FA5ECA2941E1B1006CA051 /* Advanced_SwiftUI.xcdatamodel */,
			);
			currentVersion = B3FA5ECA2941E1B1006CA051 /* Advanced_SwiftUI.xcdatamodel */;
			path = Advanced_SwiftUI.xcdatamodeld;
			sourceTree = "<group>";
			versionGroupType = wrapper.xcdatamodel;
		};
/* End XCVersionGroup section */
	};
	rootObject = B3FA5EB32941E1AF006CA051 /* Project object */;
}
